<?xml version="1.0" encoding="utf-8"?>
<Project ToolsVersion="4.0" xmlns="http://schemas.microsoft.com/developer/msbuild/2003">
  <ItemGroup>
    <Filter Include="Resource Files">
      <UniqueIdentifier>{D9D6E242-F8AF-46E4-B9FD-80ECBC20BA3E}</UniqueIdentifier>
      <Extensions>qrc;*</Extensions>
      <ParseFiles>false</ParseFiles>
    </Filter>
    <Filter Include="Form Files">
      <UniqueIdentifier>{99349809-55BA-4b9d-BF79-8FDBB0286EB3}</UniqueIdentifier>
      <Extensions>ui</Extensions>
    </Filter>
    <Filter Include="Resource Files">
      <UniqueIdentifier>{D9D6E242-F8AF-46E4-B9FD-80ECBC20BA3E}</UniqueIdentifier>
      <Extensions>qrc;*</Extensions>
      <ParseFiles>false</ParseFiles>
    </Filter>
    <Filter Include="Generated Files">
      <UniqueIdentifier>{71ED8ED8-ACB9-4CE9-BBE1-E00B30144E11}</UniqueIdentifier>
      <Extensions>moc;h;cpp</Extensions>
      <SourceControlFiles>False</SourceControlFiles>
    </Filter>
    <Filter Include="window">
      <UniqueIdentifier>{6678cfc1-b145-4b93-a9da-47169cd53d23}</UniqueIdentifier>
    </Filter>
    <Filter Include="source">
      <UniqueIdentifier>{797d40e3-19ac-4609-a745-43a6f22e9bad}</UniqueIdentifier>
    </Filter>
    <Filter Include="Header Files">
      <UniqueIdentifier>{93995380-89BD-4b04-88EB-625FBE52EBFB}</UniqueIdentifier>
      <Extensions>h;hh;hpp;hxx;hm;inl;inc;xsd</Extensions>
      <ParseFiles>true</ParseFiles>
    </Filter>
    <Filter Include="Source Files">
      <UniqueIdentifier>{4FC737F1-C7A5-4376-A066-2A32D752A2FF}</UniqueIdentifier>
      <Extensions>cpp;c;cc;cxx;def;odl;idl;hpj;bat;asm;asmx</Extensions>
      <ParseFiles>true</ParseFiles>
    </Filter>
  </ItemGroup>
  <ItemGroup>
    <QtUic Include="KancopySaihu.ui">
      <Filter>Form Files</Filter>
    </QtUic>
    <QtUic Include="record.ui">
      <Filter>Form Files</Filter>
    </QtUic>
  </ItemGroup>
  <ItemGroup>
    <QtRcc Include="KancopySaihu.qrc">
      <Filter>Resource Files</Filter>
    </QtRcc>
  </ItemGroup>
  <ItemGroup>
    <QtMoc Include="record.h">
      <Filter>window</Filter>
    </QtMoc>
    <QtMoc Include="KancopySaihu.h">
      <Filter>window</Filter>
    </QtMoc>
    <QtMoc Include="JuliusT.h">
      <Filter>source</Filter>
    </QtMoc>
  </ItemGroup>
  <ItemGroup>
    <ClCompile Include="KancopySaihu.cpp">
      <Filter>window</Filter>
    </ClCompile>
    <ClCompile Include="record.cpp">
      <Filter>window</Filter>
    </ClCompile>
    <ClCompile Include="main.cpp">
      <Filter>Generated Files</Filter>
    </ClCompile>
    <ClCompile Include="Control.cpp">
      <Filter>source</Filter>
    </ClCompile>
    <ClCompile Include="wave.cpp">
      <Filter>source</Filter>
    </ClCompile>
    <ClCompile Include="JuliusT.cpp">
      <Filter>source</Filter>
    </ClCompile>
  </ItemGroup>
  <ItemGroup>
    <ClInclude Include="define.h">
      <Filter>source</Filter>
    </ClInclude>
    <ClInclude Include="wave.h">
      <Filter>source</Filter>
    </ClInclude>
    <ClInclude Include="Control.h">
      <Filter>source</Filter>
    </ClInclude>
  </ItemGroup>
</Project>